// !$*UTF8*$!
{
	archiveVersion = 1;
	classes = {
	};
	objectVersion = 50;
	objects = {

/* Begin PBXBuildFile section */
		3FAEE45822431DE700B0518F /* AppDelegate.swift in Sources */ = {isa = PBXBuildFile; fileRef = 3FAEE45722431DE700B0518F /* AppDelegate.swift */; };
		3FAEE45A22431DE700B0518F /* ViewController.swift in Sources */ = {isa = PBXBuildFile; fileRef = 3FAEE45922431DE700B0518F /* ViewController.swift */; };
		3FAEE45D22431DE700B0518F /* Main.storyboard in Resources */ = {isa = PBXBuildFile; fileRef = 3FAEE45B22431DE700B0518F /* Main.storyboard */; };
		3FAEE45F22431DE800B0518F /* Assets.xcassets in Resources */ = {isa = PBXBuildFile; fileRef = 3FAEE45E22431DE800B0518F /* Assets.xcassets */; };
		3FAEE46222431DE800B0518F /* LaunchScreen.storyboard in Resources */ = {isa = PBXBuildFile; fileRef = 3FAEE46022431DE800B0518F /* LaunchScreen.storyboard */; };
		3FAEE46D22431DE800B0518F /* timerTests.swift in Sources */ = {isa = PBXBuildFile; fileRef = 3FAEE46C22431DE800B0518F /* timerTests.swift */; };
		3FAEE47822431DE800B0518F /* timerUITests.swift in Sources */ = {isa = PBXBuildFile; fileRef = 3FAEE47722431DE800B0518F /* timerUITests.swift */; };
/* End PBXBuildFile section */

/* Begin PBXContainerItemProxy section */
		3FAEE46922431DE800B0518F /* PBXContainerItemProxy */ = {
			isa = PBXContainerItemProxy;
			containerPortal = 3FAEE44C22431DE700B0518F /* Project object */;
			proxyType = 1;
			remoteGlobalIDString = 3FAEE45322431DE700B0518F;
			remoteInfo = timer;
		};
		3FAEE47422431DE800B0518F /* PBXContainerItemProxy */ = {
			isa = PBXContainerItemProxy;
			containerPortal = 3FAEE44C22431DE700B0518F /* Project object */;
			proxyType = 1;
			remoteGlobalIDString = 3FAEE45322431DE700B0518F;
			remoteInfo = timer;
		};
/* End PBXContainerItemProxy section */

/* Begin PBXFileReference section */
		3FAEE45422431DE700B0518F /* timer.app */ = {isa = PBXFileReference; explicitFileType = wrapper.application; includeInIndex = 0; path = timer.app; sourceTree = BUILT_PRODUCTS_DIR; };
		3FAEE45722431DE700B0518F /* AppDelegate.swift */ = {isa = PBXFileReference; lastKnownFileType = sourcecode.swift; path = AppDelegate.swift; sourceTree = "<group>"; };
		3FAEE45922431DE700B0518F /* ViewController.swift */ = {isa = PBXFileReference; lastKnownFileType = sourcecode.swift; path = ViewController.swift; sourceTree = "<group>"; };
		3FAEE45C22431DE700B0518F /* Base */ = {isa = PBXFileReference; lastKnownFileType = file.storyboard; name = Base; path = Base.lproj/Main.storyboard; sourceTree = "<group>"; };
		3FAEE45E22431DE800B0518F /* Assets.xcassets */ = {isa = PBXFileReference; lastKnownFileType = folder.assetcatalog; path = Assets.xcassets; sourceTree = "<group>"; };
		3FAEE46122431DE800B0518F /* Base */ = {isa = PBXFileReference; lastKnownFileType = file.storyboard; name = Base; path = Base.lproj/LaunchScreen.storyboard; sourceTree = "<group>"; };
		3FAEE46322431DE800B0518F /* Info.plist */ = {isa = PBXFileReference; lastKnownFileType = text.plist.xml; path = Info.plist; sourceTree = "<group>"; };
		3FAEE46822431DE800B0518F /* timerTests.xctest */ = {isa = PBXFileReference; explicitFileType = wrapper.cfbundle; includeInIndex = 0; path = timerTests.xctest; sourceTree = BUILT_PRODUCTS_DIR; };
		3FAEE46C22431DE800B0518F /* timerTests.swift */ = {isa = PBXFileReference; lastKnownFileType = sourcecode.swift; path = timerTests.swift; sourceTree = "<group>"; };
		3FAEE46E22431DE800B0518F /* Info.plist */ = {isa = PBXFileReference; lastKnownFileType = text.plist.xml; path = Info.plist; sourceTree = "<group>"; };
		3FAEE47322431DE800B0518F /* timerUITests.xctest */ = {isa = PBXFileReference; explicitFileType = wrapper.cfbundle; includeInIndex = 0; path = timerUITests.xctest; sourceTree = BUILT_PRODUCTS_DIR; };
		3FAEE47722431DE800B0518F /* timerUITests.swift */ = {isa = PBXFileReference; lastKnownFileType = sourcecode.swift; path = timerUITests.swift; sourceTree = "<group>"; };
		3FAEE47922431DE800B0518F /* Info.plist */ = {isa = PBXFileReference; lastKnownFileType = text.plist.xml; path = Info.plist; sourceTree = "<group>"; };
/* End PBXFileReference section */

/* Begin PBXFrameworksBuildPhase section */
		3FAEE45122431DE700B0518F /* Frameworks */ = {
			isa = PBXFrameworksBuildPhase;
			buildActionMask = 2147483647;
			files = (
			);
			runOnlyForDeploymentPostprocessing = 0;
		};
		3FAEE46522431DE800B0518F /* Frameworks */ = {
			isa = PBXFrameworksBuildPhase;
			buildActionMask = 2147483647;
			files = (
			);
			runOnlyForDeploymentPostprocessing = 0;
		};
		3FAEE47022431DE800B0518F /* Frameworks */ = {
			isa = PBXFrameworksBuildPhase;
			buildActionMask = 2147483647;
			files = (
			);
			runOnlyForDeploymentPostprocessing = 0;
		};
/* End PBXFrameworksBuildPhase section */

/* Begin PBXGroup section */
		3FAEE44B22431DE700B0518F = {
			isa = PBXGroup;
			children = (
				3FAEE45622431DE700B0518F /* timer */,
				3FAEE46B22431DE800B0518F /* timerTests */,
				3FAEE47622431DE800B0518F /* timerUITests */,
				3FAEE45522431DE700B0518F /* Products */,
			);
			sourceTree = "<group>";
		};
		3FAEE45522431DE700B0518F /* Products */ = {
			isa = PBXGroup;
			children = (
				3FAEE45422431DE700B0518F /* timer.app */,
				3FAEE46822431DE800B0518F /* timerTests.xctest */,
				3FAEE47322431DE800B0518F /* timerUITests.xctest */,
			);
			name = Products;
			sourceTree = "<group>";
		};
		3FAEE45622431DE700B0518F /* timer */ = {
			isa = PBXGroup;
			children = (
				3FAEE45722431DE700B0518F /* AppDelegate.swift */,
				3FAEE45922431DE700B0518F /* ViewController.swift */,
				3FAEE45B22431DE700B0518F /* Main.storyboard */,
				3FAEE45E22431DE800B0518F /* Assets.xcassets */,
				3FAEE46022431DE800B0518F /* LaunchScreen.storyboard */,
				3FAEE46322431DE800B0518F /* Info.plist */,
			);
			path = timer;
			sourceTree = "<group>";
		};
		3FAEE46B22431DE800B0518F /* timerTests */ = {
			isa = PBXGroup;
			children = (
				3FAEE46C22431DE800B0518F /* timerTests.swift */,
				3FAEE46E22431DE800B0518F /* Info.plist */,
			);
			path = timerTests;
			sourceTree = "<group>";
		};
		3FAEE47622431DE800B0518F /* timerUITests */ = {
			isa = PBXGroup;
			children = (
				3FAEE47722431DE800B0518F /* timerUITests.swift */,
				3FAEE47922431DE800B0518F /* Info.plist */,
			);
			path = timerUITests;
			sourceTree = "<group>";
		};
/* End PBXGroup section */

/* Begin PBXNativeTarget section */
		3FAEE45322431DE700B0518F /* timer */ = {
			isa = PBXNativeTarget;
			buildConfigurationList = 3FAEE47C22431DE800B0518F /* Build configuration list for PBXNativeTarget "timer" */;
			buildPhases = (
				3FAEE45022431DE700B0518F /* Sources */,
				3FAEE45122431DE700B0518F /* Frameworks */,
				3FAEE45222431DE700B0518F /* Resources */,
			);
			buildRules = (
			);
			dependencies = (
			);
			name = timer;
			productName = timer;
			productReference = 3FAEE45422431DE700B0518F /* timer.app */;
			productType = "com.apple.product-type.application";
		};
		3FAEE46722431DE800B0518F /* timerTests */ = {
			isa = PBXNativeTarget;
			buildConfigurationList = 3FAEE47F22431DE800B0518F /* Build configuration list for PBXNativeTarget "timerTests" */;
			buildPhases = (
				3FAEE46422431DE800B0518F /* Sources */,
				3FAEE46522431DE800B0518F /* Frameworks */,
				3FAEE46622431DE800B0518F /* Resources */,
			);
			buildRules = (
			);
			dependencies = (
				3FAEE46A22431DE800B0518F /* PBXTargetDependency */,
			);
			name = timerTests;
			productName = timerTests;
			productReference = 3FAEE46822431DE800B0518F /* timerTests.xctest */;
			productType = "com.apple.product-type.bundle.unit-test";
		};
		3FAEE47222431DE800B0518F /* timerUITests */ = {
			isa = PBXNativeTarget;
			buildConfigurationList = 3FAEE48222431DE800B0518F /* Build configuration list for PBXNativeTarget "timerUITests" */;
			buildPhases = (
				3FAEE46F22431DE800B0518F /* Sources */,
				3FAEE47022431DE800B0518F /* Frameworks */,
				3FAEE47122431DE800B0518F /* Resources */,
			);
			buildRules = (
			);
			dependencies = (
				3FAEE47522431DE800B0518F /* PBXTargetDependency */,
			);
			name = timerUITests;
			productName = timerUITests;
			productReference = 3FAEE47322431DE800B0518F /* timerUITests.xctest */;
			productType = "com.apple.product-type.bundle.ui-testing";
		};
/* End PBXNativeTarget section */

/* Begin PBXProject section */
		3FAEE44C22431DE700B0518F /* Project object */ = {
			isa = PBXProject;
			attributes = {
				LastSwiftUpdateCheck = 1010;
				LastUpgradeCheck = 1010;
				ORGANIZATIONNAME = student;
				TargetAttributes = {
					3FAEE45322431DE700B0518F = {
						CreatedOnToolsVersion = 10.1;
					};
					3FAEE46722431DE800B0518F = {
						CreatedOnToolsVersion = 10.1;
						TestTargetID = 3FAEE45322431DE700B0518F;
					};
					3FAEE47222431DE800B0518F = {
						CreatedOnToolsVersion = 10.1;
						TestTargetID = 3FAEE45322431DE700B0518F;
					};
				};
			};
			buildConfigurationList = 3FAEE44F22431DE700B0518F /* Build configuration list for PBXProject "timer" */;
			compatibilityVersion = "Xcode 9.3";
			developmentRegion = en;
			hasScannedForEncodings = 0;
			knownRegions = (
				en,
				Base,
			);
			mainGroup = 3FAEE44B22431DE700B0518F;
			productRefGroup = 3FAEE45522431DE700B0518F /* Products */;
			projectDirPath = "";
			projectRoot = "";
			targets = (
				3FAEE45322431DE700B0518F /* timer */,
				3FAEE46722431DE800B0518F /* timerTests */,
				3FAEE47222431DE800B0518F /* timerUITests */,
			);
		};
/* End PBXProject section */

/* Begin PBXResourcesBuildPhase section */
		3FAEE45222431DE700B0518F /* Resources */ = {
			isa = PBXResourcesBuildPhase;
			buildActionMask = 2147483647;
			files = (
				3FAEE46222431DE800B0518F /* LaunchScreen.storyboard in Resources */,
				3FAEE45F22431DE800B0518F /* Assets.xcassets in Resources */,
				3FAEE45D22431DE700B0518F /* Main.storyboard in Resources */,
			);
			runOnlyForDeploymentPostprocessing = 0;
		};
		3FAEE46622431DE800B0518F /* Resources */ = {
			isa = PBXResourcesBuildPhase;
			buildActionMask = 2147483647;
			files = (
			);
			runOnlyForDeploymentPostprocessing = 0;
		};
		3FAEE47122431DE800B0518F /* Resources */ = {
			isa = PBXResourcesBuildPhase;
			buildActionMask = 2147483647;
			files = (
			);
			runOnlyForDeploymentPostprocessing = 0;
		};
/* End PBXResourcesBuildPhase section */

/* Begin PBXSourcesBuildPhase section */
		3FAEE45022431DE700B0518F /* Sources */ = {
			isa = PBXSourcesBuildPhase;
			buildActionMask = 2147483647;
			files = (
				3FAEE45A22431DE700B0518F /* ViewController.swift in Sources */,
				3FAEE45822431DE700B0518F /* AppDelegate.swift in Sources */,
			);
			runOnlyForDeploymentPostprocessing = 0;
		};
		3FAEE46422431DE800B0518F /* Sources */ = {
			isa = PBXSourcesBuildPhase;
			buildActionMask = 2147483647;
			files = (
				3FAEE46D22431DE800B0518F /* timerTests.swift in Sources */,
			);
			runOnlyForDeploymentPostprocessing = 0;
		};
		3FAEE46F22431DE800B0518F /* Sources */ = {
			isa = PBXSourcesBuildPhase;
			buildActionMask = 2147483647;
			files = (
				3FAEE47822431DE800B0518F /* timerUITests.swift in Sources */,
			);
			runOnlyForDeploymentPostprocessing = 0;
		};
/* End PBXSourcesBuildPhase section */

/* Begin PBXTargetDependency section */
		3FAEE46A22431DE800B0518F /* PBXTargetDependency */ = {
			isa = PBXTargetDependency;
			target = 3FAEE45322431DE700B0518F /* timer */;
			targetProxy = 3FAEE46922431DE800B0518F /* PBXContainerItemProxy */;
		};
		3FAEE47522431DE800B0518F /* PBXTargetDependency */ = {
			isa = PBXTargetDependency;
			target = 3FAEE45322431DE700B0518F /* timer */;
			targetProxy = 3FAEE47422431DE800B0518F /* PBXContainerItemProxy */;
		};
/* End PBXTargetDependency section */

/* Begin PBXVariantGroup section */
		3FAEE45B22431DE700B0518F /* Main.storyboard */ = {
			isa = PBXVariantGroup;
			children = (
				3FAEE45C22431DE700B0518F /* Base */,
			);
			name = Main.storyboard;
			sourceTree = "<group>";
		};
		3FAEE46022431DE800B0518F /* LaunchScreen.storyboard */ = {
			isa = PBXVariantGroup;
			children = (
				3FAEE46122431DE800B0518F /* Base */,
			);
			name = LaunchScreen.storyboard;
			sourceTree = "<group>";
		};
/* End PBXVariantGroup section */

/* Begin XCBuildConfiguration section */
		3FAEE47A22431DE800B0518F /* Debug */ = {
			isa = XCBuildConfiguration;
			buildSettings = {
				ALWAYS_SEARCH_USER_PATHS = NO;
				CLANG_ANALYZER_NONNULL = YES;
				CLANG_ANALYZER_NUMBER_OBJECT_CONVERSION = YES_AGGRESSIVE;
				CLANG_CXX_LANGUAGE_STANDARD = "gnu++14";
				CLANG_CXX_LIBRARY = "libc++";
				CLANG_ENABLE_MODULES = YES;
				CLANG_ENABLE_OBJC_ARC = YES;
				CLANG_ENABLE_OBJC_WEAK = YES;
				CLANG_WARN_BLOCK_CAPTURE_AUTORELEASING = YES;
				CLANG_WARN_BOOL_CONVERSION = YES;
				CLANG_WARN_COMMA = YES;
				CLANG_WARN_CONSTANT_CONVERSION = YES;
				CLANG_WARN_DEPRECATED_OBJC_IMPLEMENTATIONS = YES;
				CLANG_WARN_DIRECT_OBJC_ISA_USAGE = YES_ERROR;
				CLANG_WARN_DOCUMENTATION_COMMENTS = YES;
				CLANG_WARN_EMPTY_BODY = YES;
				CLANG_WARN_ENUM_CONVERSION = YES;
				CLANG_WARN_INFINITE_RECURSION = YES;
				CLANG_WARN_INT_CONVERSION = YES;
				CLANG_WARN_NON_LITERAL_NULL_CONVERSION = YES;
				CLANG_WARN_OBJC_IMPLICIT_RETAIN_SELF = YES;
				CLANG_WARN_OBJC_LITERAL_CONVERSION = YES;
				CLANG_WARN_OBJC_ROOT_CLASS = YES_ERROR;
				CLANG_WARN_RANGE_LOOP_ANALYSIS = YES;
				CLANG_WARN_STRICT_PROTOTYPES = YES;
				CLANG_WARN_SUSPICIOUS_MOVE = YES;
				CLANG_WARN_UNGUARDED_AVAILABILITY = YES_AGGRESSIVE;
				CLANG_WARN_UNREACHABLE_CODE = YES;
				CLANG_WARN__DUPLICATE_METHOD_MATCH = YES;
				CODE_SIGN_IDENTITY = "iPhone Developer";
				COPY_PHASE_STRIP = NO;
				DEBUG_INFORMATION_FORMAT = dwarf;
				ENABLE_STRICT_OBJC_MSGSEND = YES;
				ENABLE_TESTABILITY = YES;
				GCC_C_LANGUAGE_STANDARD = gnu11;
				GCC_DYNAMIC_NO_PIC = NO;
				GCC_NO_COMMON_BLOCKS = YES;
				GCC_OPTIMIZATION_LEVEL = 0;
				GCC_PREPROCESSOR_DEFINITIONS = (
					"DEBUG=1",
					"$(inherited)",
				);
				GCC_WARN_64_TO_32_BIT_CONVERSION = YES;
				GCC_WARN_ABOUT_RETURN_TYPE = YES_ERROR;
				GCC_WARN_UNDECLARED_SELECTOR = YES;
				GCC_WARN_UNINITIALIZED_AUTOS = YES_AGGRESSIVE;
				GCC_WARN_UNUSED_FUNCTION = YES;
				GCC_WARN_UNUSED_VARIABLE = YES;
				IPHONEOS_DEPLOYMENT_TARGET = 12.1;
				MTL_ENABLE_DEBUG_INFO = INCLUDE_SOURCE;
				MTL_FAST_MATH = YES;
				ONLY_ACTIVE_ARCH = YES;
				SDKROOT = iphoneos;
				SWIFT_ACTIVE_COMPILATION_CONDITIONS = DEBUG;
				SWIFT_OPTIMIZATION_LEVEL = "-Onone";
			};
			name = Debug;
		};
		3FAEE47B22431DE800B0518F /* Release */ = {
			isa = XCBuildConfiguration;
			buildSettings = {
				ALWAYS_SEARCH_USER_PATHS = NO;
				CLANG_ANALYZER_NONNULL = YES;
				CLANG_ANALYZER_NUMBER_OBJECT_CONVERSION = YES_AGGRESSIVE;
				CLANG_CXX_LANGUAGE_STANDARD = "gnu++14";
				CLANG_CXX_LIBRARY = "libc++";
				CLANG_ENABLE_MODULES = YES;
				CLANG_ENABLE_OBJC_ARC = YES;
				CLANG_ENABLE_OBJC_WEAK = YES;
				CLANG_WARN_BLOCK_CAPTURE_AUTORELEASING = YES;
				CLANG_WARN_BOOL_CONVERSION = YES;
				CLANG_WARN_COMMA = YES;
				CLANG_WARN_CONSTANT_CONVERSION = YES;
				CLANG_WARN_DEPRECATED_OBJC_IMPLEMENTATIONS = YES;
				CLANG_WARN_DIRECT_OBJC_ISA_USAGE = YES_ERROR;
				CLANG_WARN_DOCUMENTATION_COMMENTS = YES;
				CLANG_WARN_EMPTY_BODY = YES;
				CLANG_WARN_ENUM_CONVERSION = YES;
				CLANG_WARN_INFINITE_RECURSION = YES;
				CLANG_WARN_INT_CONVERSION = YES;
				CLANG_WARN_NON_LITERAL_NULL_CONVERSION = YES;
				CLANG_WARN_OBJC_IMPLICIT_RETAIN_SELF = YES;
				CLANG_WARN_OBJC_LITERAL_CONVERSION = YES;
				CLANG_WARN_OBJC_ROOT_CLASS = YES_ERROR;
				CLANG_WARN_RANGE_LOOP_ANALYSIS = YES;
				CLANG_WARN_STRICT_PROTOTYPES = YES;
				CLANG_WARN_SUSPICIOUS_MOVE = YES;
				CLANG_WARN_UNGUARDED_AVAILABILITY = YES_AGGRESSIVE;
				CLANG_WARN_UNREACHABLE_CODE = YES;
				CLANG_WARN__DUPLICATE_METHOD_MATCH = YES;
				CODE_SIGN_IDENTITY = "iPhone Developer";
				COPY_PHASE_STRIP = NO;
				DEBUG_INFORMATION_FORMAT = "dwarf-with-dsym";
				ENABLE_NS_ASSERTIONS = NO;
				ENABLE_STRICT_OBJC_MSGSEND = YES;
				GCC_C_LANGUAGE_STANDARD = gnu11;
				GCC_NO_COMMON_BLOCKS = YES;
				GCC_WARN_64_TO_32_BIT_CONVERSION = YES;
				GCC_WARN_ABOUT_RETURN_TYPE = YES_ERROR;
				GCC_WARN_UNDECLARED_SELECTOR = YES;
				GCC_WARN_UNINITIALIZED_AUTOS = YES_AGGRESSIVE;
				GCC_WARN_UNUSED_FUNCTION = YES;
				GCC_WARN_UNUSED_VARIABLE = YES;
				IPHONEOS_DEPLOYMENT_TARGET = 12.1;
				MTL_ENABLE_DEBUG_INFO = NO;
				MTL_FAST_MATH = YES;
				SDKROOT = iphoneos;
				SWIFT_COMPILATION_MODE = wholemodule;
				SWIFT_OPTIMIZATION_LEVEL = "-O";
				VALIDATE_PRODUCT = YES;
			};
			name = Release;
		};
		3FAEE47D22431DE800B0518F /* Debug */ = {
			isa = XCBuildConfiguration;
			buildSettings = {
				ASSETCATALOG_COMPILER_APPICON_NAME = AppIcon;
				CODE_SIGN_STYLE = Automatic;
				INFOPLIST_FILE = timer/Info.plist;
				LD_RUNPATH_SEARCH_PATHS = (
					"$(inherited)",
					"@executable_path/Frameworks",
				);
				PRODUCT_BUNDLE_IDENTIFIER = nptu.timer;
				PRODUCT_NAME = "$(TARGET_NAME)";
				SWIFT_VERSION = 4.2;
				TARGETED_DEVICE_FAMILY = "1,2";
			};
			name = Debug;
		};
		3FAEE47E22431DE800B0518F /* Release */ = {
			isa = XCBuildConfiguration;
			buildSettings = {
				ASSETCATALOG_COMPILER_APPICON_NAME = AppIcon;
				CODE_SIGN_STYLE = Automatic;
				INFOPLIST_FILE = timer/Info.plist;
				LD_RUNPATH_SEARCH_PATHS = (
					"$(inherited)",
					"@executable_path/Frameworks",
				);
				PRODUCT_BUNDLE_IDENTIFIER = nptu.timer;
				PRODUCT_NAME = "$(TARGET_NAME)";
				SWIFT_VERSION = 4.2;
				TARGETED_DEVICE_FAMILY = "1,2";
			};
			name = Release;
		};
		3FAEE48022431DE800B0518F /* Debug */ = {
			isa = XCBuildConfiguration;
			buildSettings = {
				ALWAYS_EMBED_SWIFT_STANDARD_LIBRARIES = YES;
				BUNDLE_LOADER = "$(TEST_HOST)";
				CODE_SIGN_STYLE = Automatic;
				INFOPLIST_FILE = timerTests/Info.plist;
				LD_RUNPATH_SEARCH_PATHS = (
					"$(inherited)",
					"@executable_path/Frameworks",
					"@loader_path/Frameworks",
				);
				PRODUCT_BUNDLE_IDENTIFIER = nptu.timerTests;
				PRODUCT_NAME = "$(TARGET_NAME)";
				SWIFT_VERSION = 4.2;
				TARGETED_DEVICE_FAMILY = "1,2";
				TEST_HOST = "$(BUILT_PRODUCTS_DIR)/timer.app/timer";
			};
			name = Debug;
		};
		3FAEE48122431DE800B0518F /* Release */ = {
			isa = XCBuildConfiguration;
			buildSettings = {
				ALWAYS_EMBED_SWIFT_STANDARD_LIBRARIES = YES;
				BUNDLE_LOADER = "$(TEST_HOST)";
				CODE_SIGN_STYLE = Automatic;
				INFOPLIST_FILE = timerTests/Info.plist;
				LD_RUNPATH_SEARCH_PATHS = (
					"$(inherited)",
					"@executable_path/Frameworks",
					"@loader_path/Frameworks",
				);
				PRODUCT_BUNDLE_IDENTIFIER = nptu.timerTests;
				PRODUCT_NAME = "$(TARGET_NAME)";
				SWIFT_VERSION = 4.2;
				TARGETED_DEVICE_FAMILY = "1,2";
				TEST_HOST = "$(BUILT_PRODUCTS_DIR)/timer.app/timer";
			};
			name = Release;
		};
		3FAEE48322431DE800B0518F /* Debug */ = {
			isa = XCBuildConfiguration;
			buildSettings = {
				ALWAYS_EMBED_SWIFT_STANDARD_LIBRARIES = YES;
				CODE_SIGN_STYLE = Automatic;
				INFOPLIST_FILE = timerUITests/Info.plist;
				LD_RUNPATH_SEARCH_PATHS = (
					"$(inherited)",
					"@executable_path/Frameworks",
					"@loader_path/Frameworks",
				);
				PRODUCT_BUNDLE_IDENTIFIER = nptu.timerUITests;
				PRODUCT_NAME = "$(TARGET_NAME)";
				SWIFT_VERSION = 4.2;
				TARGETED_DEVICE_FAMILY = "1,2";
				TEST_TARGET_NAME = timer;
			};
			name = Debug;
		};
		3FAEE48422431DE800B0518F /* Release */ = {
			isa = XCBuildConfiguration;
			buildSettings = {
				ALWAYS_EMBED_SWIFT_STANDARD_LIBRARIES = YES;
				CODE_SIGN_STYLE = Automatic;
				INFOPLIST_FILE = timerUITests/Info.plist;
				LD_RUNPATH_SEARCH_PATHS = (
					"$(inherited)",
					"@executable_path/Frameworks",
					"@loader_path/Frameworks",
				);
				PRODUCT_BUNDLE_IDENTIFIER = nptu.timerUITests;
				PRODUCT_NAME = "$(TARGET_NAME)";
				SWIFT_VERSION = 4.2;
				TARGETED_DEVICE_FAMILY = "1,2";
				TEST_TARGET_NAME = timer;
			};
			name = Release;
		};
/* End XCBuildConfiguration section */

/* Begin XCConfigurationList section */
		3FAEE44F22431DE700B0518F /* Build configuration list for PBXProject "timer" */ = {
			isa = XCConfigurationList;
			buildConfigurations = (
				3FAEE47A22431DE800B0518F /* Debug */,
				3FAEE47B22431DE800B0518F /* Release */,
			);
			defaultConfigurationIsVisible = 0;
			defaultConfigurationName = Release;
		};
		3FAEE47C22431DE800B0518F /* Build configuration list for PBXNativeTarget "timer" */ = {
			isa = XCConfigurationList;
			buildConfigurations = (
				3FAEE47D22431DE800B0518F /* Debug */,
				3FAEE47E22431DE800B0518F /* Release */,
			);
			defaultConfigurationIsVisible = 0;
			defaultConfigurationName = Release;
		};
		3FAEE47F22431DE800B0518F /* Build configuration list for PBXNativeTarget "timerTests" */ = {
			isa = XCConfigurationList;
			buildConfigurations = (
				3FAEE48022431DE800B0518F /* Debug */,
				3FAEE48122431DE800B0518F /* Release */,
			);
			defaultConfigurationIsVisible = 0;
			defaultConfigurationName = Release;
		};
		3FAEE48222431DE800B0518F /* Build configuration list for PBXNativeTarget "timerUITests" */ = {
			isa = XCConfigurationList;
			buildConfigurations = (
				3FAEE48322431DE800B0518F /* Debug */,
				3FAEE48422431DE800B0518F /* Release */,
			);
			defaultConfigurationIsVisible = 0;
			defaultConfigurationName = Release;
		};
/* End XCConfigurationList section */
	};
	rootObject = 3FAEE44C22431DE700B0518F /* Project object */;
}
